// !$*UTF8*$!
{
	archiveVersion = 1;
	classes = {
	};
	objectVersion = 56;
	objects = {

/* Begin PBXBuildFile section */
		CE091CCD29DC21DE00EFFECD /* Food.swift in Sources */ = {isa = PBXBuildFile; fileRef = CE091CCC29DC21DE00EFFECD /* Food.swift */; };
		CE244D0529DBE071001856CF /* Calendar.swift in Sources */ = {isa = PBXBuildFile; fileRef = CE244D0429DBE071001856CF /* Calendar.swift */; };
		CE244D0729DBE8A5001856CF /* Location.swift in Sources */ = {isa = PBXBuildFile; fileRef = CE244D0629DBE8A5001856CF /* Location.swift */; };
		CE244D0929DC034F001856CF /* Restaurant.swift in Sources */ = {isa = PBXBuildFile; fileRef = CE244D0829DC034F001856CF /* Restaurant.swift */; };
		CE5980FB29D2D5A100347CFA /* Blind_Date_SwiftUIApp.swift in Sources */ = {isa = PBXBuildFile; fileRef = CE5980FA29D2D5A100347CFA /* Blind_Date_SwiftUIApp.swift */; };
		CE5980FD29D2D5A100347CFA /* ContentView.swift in Sources */ = {isa = PBXBuildFile; fileRef = CE5980FC29D2D5A100347CFA /* ContentView.swift */; };
		CE5980FF29D2D5A400347CFA /* Assets.xcassets in Resources */ = {isa = PBXBuildFile; fileRef = CE5980FE29D2D5A400347CFA /* Assets.xcassets */; };
		CE59810229D2D5A400347CFA /* Preview Assets.xcassets in Resources */ = {isa = PBXBuildFile; fileRef = CE59810129D2D5A400347CFA /* Preview Assets.xcassets */; };
		CE59810C29D2D5A500347CFA /* Blind_Date_SwiftUITests.swift in Sources */ = {isa = PBXBuildFile; fileRef = CE59810B29D2D5A500347CFA /* Blind_Date_SwiftUITests.swift */; };
		CE59811629D2D5A500347CFA /* Blind_Date_SwiftUIUITests.swift in Sources */ = {isa = PBXBuildFile; fileRef = CE59811529D2D5A500347CFA /* Blind_Date_SwiftUIUITests.swift */; };
		CE59811829D2D5A500347CFA /* Blind_Date_SwiftUIUITestsLaunchTests.swift in Sources */ = {isa = PBXBuildFile; fileRef = CE59811729D2D5A500347CFA /* Blind_Date_SwiftUIUITestsLaunchTests.swift */; };
		CE59815929D2E6C100347CFA /* AppBarView.swift in Sources */ = {isa = PBXBuildFile; fileRef = CE59815429D2E6C100347CFA /* AppBarView.swift */; };
		CE59815A29D2E6C100347CFA /* PlayfairDisplay-Bold.ttf in Resources */ = {isa = PBXBuildFile; fileRef = CE59815629D2E6C100347CFA /* PlayfairDisplay-Bold.ttf */; };
		CE59815B29D2E6C100347CFA /* PlayfairDisplay-Regular.ttf in Resources */ = {isa = PBXBuildFile; fileRef = CE59815729D2E6C100347CFA /* PlayfairDisplay-Regular.ttf */; };
		CE7C9D3229DD60440093C1E3 /* Pay.swift in Sources */ = {isa = PBXBuildFile; fileRef = CE7C9D3129DD60440093C1E3 /* Pay.swift */; };
		CE800E8229D58220007D7F00 /* Home.swift in Sources */ = {isa = PBXBuildFile; fileRef = CE800E8129D58220007D7F00 /* Home.swift */; };
		CE800E8429D58958007D7F00 /* OTP.swift in Sources */ = {isa = PBXBuildFile; fileRef = CE800E8329D58958007D7F00 /* OTP.swift */; };
		CE80BA8629DA8A0B0050BC86 /* Appointment.swift in Sources */ = {isa = PBXBuildFile; fileRef = CE80BA8529DA8A0B0050BC86 /* Appointment.swift */; };
		CED102B829DAA558005F30F9 /* RoundedCorner.swift in Sources */ = {isa = PBXBuildFile; fileRef = CED102B729DAA558005F30F9 /* RoundedCorner.swift */; };
		CEEA4A8D29D31C8000E8F186 /* GetStart.swift in Sources */ = {isa = PBXBuildFile; fileRef = CEEA4A8C29D31C8000E8F186 /* GetStart.swift */; };
		CEEA4A8F29D3236F00E8F186 /* InitialView.swift in Sources */ = {isa = PBXBuildFile; fileRef = CEEA4A8E29D3236F00E8F186 /* InitialView.swift */; };
		CEEA4A9129D32AA300E8F186 /* SignIn.swift in Sources */ = {isa = PBXBuildFile; fileRef = CEEA4A9029D32AA300E8F186 /* SignIn.swift */; };
		CEEA4A9329D32AB300E8F186 /* SignUp.swift in Sources */ = {isa = PBXBuildFile; fileRef = CEEA4A9229D32AB300E8F186 /* SignUp.swift */; };
		CEFB44F329DE807900BA26F3 /* SetPreference.swift in Sources */ = {isa = PBXBuildFile; fileRef = CEFB44F229DE807900BA26F3 /* SetPreference.swift */; };
		CEFB44F529DE886100BA26F3 /* Profile.swift in Sources */ = {isa = PBXBuildFile; fileRef = CEFB44F429DE886100BA26F3 /* Profile.swift */; };
		CEFB44F729DE891100BA26F3 /* Settings.swift in Sources */ = {isa = PBXBuildFile; fileRef = CEFB44F629DE891100BA26F3 /* Settings.swift */; };
/* End PBXBuildFile section */

/* Begin PBXContainerItemProxy section */
		CE59810829D2D5A500347CFA /* PBXContainerItemProxy */ = {
			isa = PBXContainerItemProxy;
			containerPortal = CE5980EF29D2D5A100347CFA /* Project object */;
			proxyType = 1;
			remoteGlobalIDString = CE5980F629D2D5A100347CFA;
			remoteInfo = "Blind Date SwiftUI";
		};
		CE59811229D2D5A500347CFA /* PBXContainerItemProxy */ = {
			isa = PBXContainerItemProxy;
			containerPortal = CE5980EF29D2D5A100347CFA /* Project object */;
			proxyType = 1;
			remoteGlobalIDString = CE5980F629D2D5A100347CFA;
			remoteInfo = "Blind Date SwiftUI";
		};
/* End PBXContainerItemProxy section */

/* Begin PBXFileReference section */
		CE091CCC29DC21DE00EFFECD /* Food.swift */ = {isa = PBXFileReference; lastKnownFileType = sourcecode.swift; path = Food.swift; sourceTree = "<group>"; };
		CE244D0429DBE071001856CF /* Calendar.swift */ = {isa = PBXFileReference; lastKnownFileType = sourcecode.swift; path = Calendar.swift; sourceTree = "<group>"; };
		CE244D0629DBE8A5001856CF /* Location.swift */ = {isa = PBXFileReference; lastKnownFileType = sourcecode.swift; path = Location.swift; sourceTree = "<group>"; };
		CE244D0829DC034F001856CF /* Restaurant.swift */ = {isa = PBXFileReference; lastKnownFileType = sourcecode.swift; path = Restaurant.swift; sourceTree = "<group>"; };
		CE5980F729D2D5A100347CFA /* Blind Date SwiftUI.app */ = {isa = PBXFileReference; explicitFileType = wrapper.application; includeInIndex = 0; path = "Blind Date SwiftUI.app"; sourceTree = BUILT_PRODUCTS_DIR; };
		CE5980FA29D2D5A100347CFA /* Blind_Date_SwiftUIApp.swift */ = {isa = PBXFileReference; lastKnownFileType = sourcecode.swift; path = Blind_Date_SwiftUIApp.swift; sourceTree = "<group>"; };
		CE5980FC29D2D5A100347CFA /* ContentView.swift */ = {isa = PBXFileReference; lastKnownFileType = sourcecode.swift; path = ContentView.swift; sourceTree = "<group>"; };
		CE5980FE29D2D5A400347CFA /* Assets.xcassets */ = {isa = PBXFileReference; lastKnownFileType = folder.assetcatalog; path = Assets.xcassets; sourceTree = "<group>"; };
		CE59810129D2D5A400347CFA /* Preview Assets.xcassets */ = {isa = PBXFileReference; lastKnownFileType = folder.assetcatalog; path = "Preview Assets.xcassets"; sourceTree = "<group>"; };
		CE59810729D2D5A500347CFA /* Blind Date SwiftUITests.xctest */ = {isa = PBXFileReference; explicitFileType = wrapper.cfbundle; includeInIndex = 0; path = "Blind Date SwiftUITests.xctest"; sourceTree = BUILT_PRODUCTS_DIR; };
		CE59810B29D2D5A500347CFA /* Blind_Date_SwiftUITests.swift */ = {isa = PBXFileReference; lastKnownFileType = sourcecode.swift; path = Blind_Date_SwiftUITests.swift; sourceTree = "<group>"; };
		CE59811129D2D5A500347CFA /* Blind Date SwiftUIUITests.xctest */ = {isa = PBXFileReference; explicitFileType = wrapper.cfbundle; includeInIndex = 0; path = "Blind Date SwiftUIUITests.xctest"; sourceTree = BUILT_PRODUCTS_DIR; };
		CE59811529D2D5A500347CFA /* Blind_Date_SwiftUIUITests.swift */ = {isa = PBXFileReference; lastKnownFileType = sourcecode.swift; path = Blind_Date_SwiftUIUITests.swift; sourceTree = "<group>"; };
		CE59811729D2D5A500347CFA /* Blind_Date_SwiftUIUITestsLaunchTests.swift */ = {isa = PBXFileReference; lastKnownFileType = sourcecode.swift; path = Blind_Date_SwiftUIUITestsLaunchTests.swift; sourceTree = "<group>"; };
		CE59815429D2E6C100347CFA /* AppBarView.swift */ = {isa = PBXFileReference; fileEncoding = 4; lastKnownFileType = sourcecode.swift; path = AppBarView.swift; sourceTree = "<group>"; };
		CE59815629D2E6C100347CFA /* PlayfairDisplay-Bold.ttf */ = {isa = PBXFileReference; lastKnownFileType = file; path = "PlayfairDisplay-Bold.ttf"; sourceTree = "<group>"; };
		CE59815729D2E6C100347CFA /* PlayfairDisplay-Regular.ttf */ = {isa = PBXFileReference; lastKnownFileType = file; path = "PlayfairDisplay-Regular.ttf"; sourceTree = "<group>"; };
		CE7C9D3129DD60440093C1E3 /* Pay.swift */ = {isa = PBXFileReference; lastKnownFileType = sourcecode.swift; path = Pay.swift; sourceTree = "<group>"; };
		CE800E8129D58220007D7F00 /* Home.swift */ = {isa = PBXFileReference; lastKnownFileType = sourcecode.swift; path = Home.swift; sourceTree = "<group>"; };
		CE800E8329D58958007D7F00 /* OTP.swift */ = {isa = PBXFileReference; lastKnownFileType = sourcecode.swift; path = OTP.swift; sourceTree = "<group>"; };
		CE80BA8529DA8A0B0050BC86 /* Appointment.swift */ = {isa = PBXFileReference; lastKnownFileType = sourcecode.swift; path = Appointment.swift; sourceTree = "<group>"; };
		CED102B729DAA558005F30F9 /* RoundedCorner.swift */ = {isa = PBXFileReference; lastKnownFileType = sourcecode.swift; path = RoundedCorner.swift; sourceTree = "<group>"; };
		CEEA4A8C29D31C8000E8F186 /* GetStart.swift */ = {isa = PBXFileReference; lastKnownFileType = sourcecode.swift; path = GetStart.swift; sourceTree = "<group>"; };
		CEEA4A8E29D3236F00E8F186 /* InitialView.swift */ = {isa = PBXFileReference; lastKnownFileType = sourcecode.swift; path = InitialView.swift; sourceTree = "<group>"; };
		CEEA4A9029D32AA300E8F186 /* SignIn.swift */ = {isa = PBXFileReference; lastKnownFileType = sourcecode.swift; path = SignIn.swift; sourceTree = "<group>"; };
		CEEA4A9229D32AB300E8F186 /* SignUp.swift */ = {isa = PBXFileReference; lastKnownFileType = sourcecode.swift; path = SignUp.swift; sourceTree = "<group>"; };
		CEFB44F229DE807900BA26F3 /* SetPreference.swift */ = {isa = PBXFileReference; lastKnownFileType = sourcecode.swift; path = SetPreference.swift; sourceTree = "<group>"; };
		CEFB44F429DE886100BA26F3 /* Profile.swift */ = {isa = PBXFileReference; lastKnownFileType = sourcecode.swift; path = Profile.swift; sourceTree = "<group>"; };
		CEFB44F629DE891100BA26F3 /* Settings.swift */ = {isa = PBXFileReference; lastKnownFileType = sourcecode.swift; path = Settings.swift; sourceTree = "<group>"; };
/* End PBXFileReference section */

/* Begin PBXFrameworksBuildPhase section */
		CE5980F429D2D5A100347CFA /* Frameworks */ = {
			isa = PBXFrameworksBuildPhase;
			buildActionMask = 2147483647;
			files = (
			);
			runOnlyForDeploymentPostprocessing = 0;
		};
		CE59810429D2D5A500347CFA /* Frameworks */ = {
			isa = PBXFrameworksBuildPhase;
			buildActionMask = 2147483647;
			files = (
			);
			runOnlyForDeploymentPostprocessing = 0;
		};
		CE59810E29D2D5A500347CFA /* Frameworks */ = {
			isa = PBXFrameworksBuildPhase;
			buildActionMask = 2147483647;
			files = (
			);
			runOnlyForDeploymentPostprocessing = 0;
		};
/* End PBXFrameworksBuildPhase section */

/* Begin PBXGroup section */
		CE5980EE29D2D5A100347CFA = {
			isa = PBXGroup;
			children = (
				CE5980F929D2D5A100347CFA /* Blind Date SwiftUI */,
				CE59810A29D2D5A500347CFA /* Blind Date SwiftUITests */,
				CE59811429D2D5A500347CFA /* Blind Date SwiftUIUITests */,
				CE5980F829D2D5A100347CFA /* Products */,
			);
			sourceTree = "<group>";
		};
		CE5980F829D2D5A100347CFA /* Products */ = {
			isa = PBXGroup;
			children = (
				CE5980F729D2D5A100347CFA /* Blind Date SwiftUI.app */,
				CE59810729D2D5A500347CFA /* Blind Date SwiftUITests.xctest */,
				CE59811129D2D5A500347CFA /* Blind Date SwiftUIUITests.xctest */,
			);
			name = Products;
			sourceTree = "<group>";
		};
		CE5980F929D2D5A100347CFA /* Blind Date SwiftUI */ = {
			isa = PBXGroup;
			children = (
				CE59812729D2E03600347CFA /* Resources */,
				CE59812629D2E02C00347CFA /* AppDelegate */,
				CE59812529D2E02100347CFA /* Core */,
				CE59812429D2E00300347CFA /* src */,
				CE59810029D2D5A400347CFA /* Preview Content */,
			);
			path = "Blind Date SwiftUI";
			sourceTree = "<group>";
		};
		CE59810029D2D5A400347CFA /* Preview Content */ = {
			isa = PBXGroup;
			children = (
				CE59810129D2D5A400347CFA /* Preview Assets.xcassets */,
			);
			path = "Preview Content";
			sourceTree = "<group>";
		};
		CE59810A29D2D5A500347CFA /* Blind Date SwiftUITests */ = {
			isa = PBXGroup;
			children = (
				CE59810B29D2D5A500347CFA /* Blind_Date_SwiftUITests.swift */,
			);
			path = "Blind Date SwiftUITests";
			sourceTree = "<group>";
		};
		CE59811429D2D5A500347CFA /* Blind Date SwiftUIUITests */ = {
			isa = PBXGroup;
			children = (
				CE59811529D2D5A500347CFA /* Blind_Date_SwiftUIUITests.swift */,
				CE59811729D2D5A500347CFA /* Blind_Date_SwiftUIUITestsLaunchTests.swift */,
			);
			path = "Blind Date SwiftUIUITests";
			sourceTree = "<group>";
		};
		CE59812429D2E00300347CFA /* src */ = {
			isa = PBXGroup;
			children = (
				CE59813129D2E49300347CFA /* Features-7 */,
				CE59813029D2E47F00347CFA /* Features-6 */,
				CE59812F29D2E47500347CFA /* Features-5 */,
				CE59812E29D2E43F00347CFA /* Features-4 */,
				CE59812A29D2E05E00347CFA /* Features-3 */,
				CE59812929D2E05600347CFA /* Features-2 */,
				CE59812829D2E04900347CFA /* Features-1 */,
			);
			path = src;
			sourceTree = "<group>";
		};
		CE59812529D2E02100347CFA /* Core */ = {
			isa = PBXGroup;
			children = (
				CE5980FA29D2D5A100347CFA /* Blind_Date_SwiftUIApp.swift */,
				CE5980FC29D2D5A100347CFA /* ContentView.swift */,
			);
			path = Core;
			sourceTree = "<group>";
		};
		CE59812629D2E02C00347CFA /* AppDelegate */ = {
			isa = PBXGroup;
			children = (
			);
			path = AppDelegate;
			sourceTree = "<group>";
		};
		CE59812729D2E03600347CFA /* Resources */ = {
			isa = PBXGroup;
			children = (
				CE59815529D2E6C100347CFA /* Fonts */,
				CE59815829D2E6C100347CFA /* Storybords */,
				CE59815329D2E6C100347CFA /* View */,
				CE59815229D2E6B000347CFA /* Assets */,
			);
			path = Resources;
			sourceTree = "<group>";
		};
		CE59812829D2E04900347CFA /* Features-1 */ = {
			isa = PBXGroup;
			children = (
				CE59812D29D2E42400347CFA /* Initial Screen */,
			);
			path = "Features-1";
			sourceTree = "<group>";
		};
		CE59812929D2E05600347CFA /* Features-2 */ = {
			isa = PBXGroup;
			children = (
				CE59812C29D2E3C300347CFA /* Home */,
			);
			path = "Features-2";
			sourceTree = "<group>";
		};
		CE59812A29D2E05E00347CFA /* Features-3 */ = {
			isa = PBXGroup;
			children = (
				CE59812B29D2E3A900347CFA /* Login Registration */,
			);
			path = "Features-3";
			sourceTree = "<group>";
		};
		CE59812B29D2E3A900347CFA /* Login Registration */ = {
			isa = PBXGroup;
			children = (
				CE59814129D2E5C300347CFA /* Managers */,
				CE59814029D2E5B900347CFA /* Utils */,
				CE59813F29D2E5B300347CFA /* Model */,
				CE59813E29D2E5A800347CFA /* ViewController */,
			);
			path = "Login Registration";
			sourceTree = "<group>";
		};
		CE59812C29D2E3C300347CFA /* Home */ = {
			isa = PBXGroup;
			children = (
				CE59813D29D2E59700347CFA /* Model */,
				CE59813C29D2E58F00347CFA /* Managers */,
				CE59813B29D2E58900347CFA /* Utils */,
				CE59813A29D2E57A00347CFA /* ViewController */,
			);
			path = Home;
			sourceTree = "<group>";
		};
		CE59812D29D2E42400347CFA /* Initial Screen */ = {
			isa = PBXGroup;
			children = (
				CE59813929D2E55700347CFA /* ViewController */,
				CE59813829D2E54D00347CFA /* Utils */,
				CE59813729D2E53E00347CFA /* Managers */,
				CE59813629D2E52700347CFA /* Model */,
			);
			path = "Initial Screen";
			sourceTree = "<group>";
		};
		CE59812E29D2E43F00347CFA /* Features-4 */ = {
			isa = PBXGroup;
			children = (
				CE59813229D2E4A400347CFA /* Set Preference */,
			);
			path = "Features-4";
			sourceTree = "<group>";
		};
		CE59812F29D2E47500347CFA /* Features-5 */ = {
			isa = PBXGroup;
			children = (
				CE59813329D2E4B300347CFA /* Profile */,
			);
			path = "Features-5";
			sourceTree = "<group>";
		};
		CE59813029D2E47F00347CFA /* Features-6 */ = {
			isa = PBXGroup;
			children = (
				CE59813429D2E4C500347CFA /* Start Blind Date */,
			);
			path = "Features-6";
			sourceTree = "<group>";
		};
		CE59813129D2E49300347CFA /* Features-7 */ = {
			isa = PBXGroup;
			children = (
				CE59813529D2E4DD00347CFA /* Settings */,
			);
			path = "Features-7";
			sourceTree = "<group>";
		};
		CE59813229D2E4A400347CFA /* Set Preference */ = {
			isa = PBXGroup;
			children = (
				CE59814529D2E5EA00347CFA /* ViewController */,
				CE59814429D2E5E400347CFA /* Model */,
				CE59814329D2E5DD00347CFA /* Utils */,
				CE59814229D2E5D600347CFA /* Managers */,
			);
			path = "Set Preference";
			sourceTree = "<group>";
		};
		CE59813329D2E4B300347CFA /* Profile */ = {
			isa = PBXGroup;
			children = (
				CE59814929D2E60D00347CFA /* Managers */,
				CE59814829D2E60400347CFA /* Utils */,
				CE59814729D2E5FA00347CFA /* ViewControllew */,
				CE59814629D2E5F300347CFA /* Model */,
			);
			path = Profile;
			sourceTree = "<group>";
		};
		CE59813429D2E4C500347CFA /* Start Blind Date */ = {
			isa = PBXGroup;
			children = (
				CE59814D29D2E62900347CFA /* ViewController */,
				CE59814C29D2E62200347CFA /* Managers */,
				CE59814B29D2E61B00347CFA /* Utils */,
				CE59814A29D2E61600347CFA /* Model */,
			);
			path = "Start Blind Date";
			sourceTree = "<group>";
		};
		CE59813529D2E4DD00347CFA /* Settings */ = {
			isa = PBXGroup;
			children = (
				CE59815129D2E64B00347CFA /* ViewController */,
				CE59815029D2E64400347CFA /* Managers */,
				CE59814F29D2E63E00347CFA /* Utils */,
				CE59814E29D2E63600347CFA /* Model */,
			);
			path = Settings;
			sourceTree = "<group>";
		};
		CE59813629D2E52700347CFA /* Model */ = {
			isa = PBXGroup;
			children = (
			);
			path = Model;
			sourceTree = "<group>";
		};
		CE59813729D2E53E00347CFA /* Managers */ = {
			isa = PBXGroup;
			children = (
			);
			path = Managers;
			sourceTree = "<group>";
		};
		CE59813829D2E54D00347CFA /* Utils */ = {
			isa = PBXGroup;
			children = (
			);
			path = Utils;
			sourceTree = "<group>";
		};
		CE59813929D2E55700347CFA /* ViewController */ = {
			isa = PBXGroup;
			children = (
				CEEA4A8C29D31C8000E8F186 /* GetStart.swift */,
				CEEA4A8E29D3236F00E8F186 /* InitialView.swift */,
			);
			path = ViewController;
			sourceTree = "<group>";
		};
		CE59813A29D2E57A00347CFA /* ViewController */ = {
			isa = PBXGroup;
			children = (
				CE800E8129D58220007D7F00 /* Home.swift */,
			);
			path = ViewController;
			sourceTree = "<group>";
		};
		CE59813B29D2E58900347CFA /* Utils */ = {
			isa = PBXGroup;
			children = (
			);
			path = Utils;
			sourceTree = "<group>";
		};
		CE59813C29D2E58F00347CFA /* Managers */ = {
			isa = PBXGroup;
			children = (
			);
			path = Managers;
			sourceTree = "<group>";
		};
		CE59813D29D2E59700347CFA /* Model */ = {
			isa = PBXGroup;
			children = (
			);
			path = Model;
			sourceTree = "<group>";
		};
		CE59813E29D2E5A800347CFA /* ViewController */ = {
			isa = PBXGroup;
			children = (
				CEEA4A9029D32AA300E8F186 /* SignIn.swift */,
				CEEA4A9229D32AB300E8F186 /* SignUp.swift */,
				CE800E8329D58958007D7F00 /* OTP.swift */,
			);
			path = ViewController;
			sourceTree = "<group>";
		};
		CE59813F29D2E5B300347CFA /* Model */ = {
			isa = PBXGroup;
			children = (
			);
			path = Model;
			sourceTree = "<group>";
		};
		CE59814029D2E5B900347CFA /* Utils */ = {
			isa = PBXGroup;
			children = (
			);
			path = Utils;
			sourceTree = "<group>";
		};
		CE59814129D2E5C300347CFA /* Managers */ = {
			isa = PBXGroup;
			children = (
			);
			path = Managers;
			sourceTree = "<group>";
		};
		CE59814229D2E5D600347CFA /* Managers */ = {
			isa = PBXGroup;
			children = (
			);
			path = Managers;
			sourceTree = "<group>";
		};
		CE59814329D2E5DD00347CFA /* Utils */ = {
			isa = PBXGroup;
			children = (
			);
			path = Utils;
			sourceTree = "<group>";
		};
		CE59814429D2E5E400347CFA /* Model */ = {
			isa = PBXGroup;
			children = (
			);
			path = Model;
			sourceTree = "<group>";
		};
		CE59814529D2E5EA00347CFA /* ViewController */ = {
			isa = PBXGroup;
			children = (
				CEFB44F229DE807900BA26F3 /* SetPreference.swift */,
			);
			path = ViewController;
			sourceTree = "<group>";
		};
		CE59814629D2E5F300347CFA /* Model */ = {
			isa = PBXGroup;
			children = (
			);
			path = Model;
			sourceTree = "<group>";
		};
		CE59814729D2E5FA00347CFA /* ViewControllew */ = {
			isa = PBXGroup;
			children = (
				CEFB44F429DE886100BA26F3 /* Profile.swift */,
			);
			path = ViewControllew;
			sourceTree = "<group>";
		};
		CE59814829D2E60400347CFA /* Utils */ = {
			isa = PBXGroup;
			children = (
			);
			path = Utils;
			sourceTree = "<group>";
		};
		CE59814929D2E60D00347CFA /* Managers */ = {
			isa = PBXGroup;
			children = (
			);
			path = Managers;
			sourceTree = "<group>";
		};
		CE59814A29D2E61600347CFA /* Model */ = {
			isa = PBXGroup;
			children = (
			);
			path = Model;
			sourceTree = "<group>";
		};
		CE59814B29D2E61B00347CFA /* Utils */ = {
			isa = PBXGroup;
			children = (
				CED102B729DAA558005F30F9 /* RoundedCorner.swift */,
			);
			path = Utils;
			sourceTree = "<group>";
		};
		CE59814C29D2E62200347CFA /* Managers */ = {
			isa = PBXGroup;
			children = (
			);
			path = Managers;
			sourceTree = "<group>";
		};
		CE59814D29D2E62900347CFA /* ViewController */ = {
			isa = PBXGroup;
			children = (
				CE80BA8529DA8A0B0050BC86 /* Appointment.swift */,
				CE244D0429DBE071001856CF /* Calendar.swift */,
				CE244D0629DBE8A5001856CF /* Location.swift */,
				CE244D0829DC034F001856CF /* Restaurant.swift */,
				CE091CCC29DC21DE00EFFECD /* Food.swift */,
				CE7C9D3129DD60440093C1E3 /* Pay.swift */,
			);
			path = ViewController;
			sourceTree = "<group>";
		};
		CE59814E29D2E63600347CFA /* Model */ = {
			isa = PBXGroup;
			children = (
			);
			path = Model;
			sourceTree = "<group>";
		};
		CE59814F29D2E63E00347CFA /* Utils */ = {
			isa = PBXGroup;
			children = (
			);
			path = Utils;
			sourceTree = "<group>";
		};
		CE59815029D2E64400347CFA /* Managers */ = {
			isa = PBXGroup;
			children = (
			);
			path = Managers;
			sourceTree = "<group>";
		};
		CE59815129D2E64B00347CFA /* ViewController */ = {
			isa = PBXGroup;
			children = (
				CEFB44F629DE891100BA26F3 /* Settings.swift */,
			);
			path = ViewController;
			sourceTree = "<group>";
		};
		CE59815229D2E6B000347CFA /* Assets */ = {
			isa = PBXGroup;
			children = (
				CE5980FE29D2D5A400347CFA /* Assets.xcassets */,
			);
			path = Assets;
			sourceTree = "<group>";
		};
		CE59815329D2E6C100347CFA /* View */ = {
			isa = PBXGroup;
			children = (
				CE59815429D2E6C100347CFA /* AppBarView.swift */,
			);
			path = View;
			sourceTree = "<group>";
		};
		CE59815529D2E6C100347CFA /* Fonts */ = {
			isa = PBXGroup;
			children = (
				CE59815629D2E6C100347CFA /* PlayfairDisplay-Bold.ttf */,
				CE59815729D2E6C100347CFA /* PlayfairDisplay-Regular.ttf */,
			);
			path = Fonts;
			sourceTree = "<group>";
		};
		CE59815829D2E6C100347CFA /* Storybords */ = {
			isa = PBXGroup;
			children = (
			);
			path = Storybords;
			sourceTree = "<group>";
		};
/* End PBXGroup section */

/* Begin PBXNativeTarget section */
		CE5980F629D2D5A100347CFA /* Blind Date SwiftUI */ = {
			isa = PBXNativeTarget;
			buildConfigurationList = CE59811B29D2D5A500347CFA /* Build configuration list for PBXNativeTarget "Blind Date SwiftUI" */;
			buildPhases = (
				CE5980F329D2D5A100347CFA /* Sources */,
				CE5980F429D2D5A100347CFA /* Frameworks */,
				CE5980F529D2D5A100347CFA /* Resources */,
			);
			buildRules = (
			);
			dependencies = (
			);
			name = "Blind Date SwiftUI";
			productName = "Blind Date SwiftUI";
			productReference = CE5980F729D2D5A100347CFA /* Blind Date SwiftUI.app */;
			productType = "com.apple.product-type.application";
		};
		CE59810629D2D5A500347CFA /* Blind Date SwiftUITests */ = {
			isa = PBXNativeTarget;
			buildConfigurationList = CE59811E29D2D5A500347CFA /* Build configuration list for PBXNativeTarget "Blind Date SwiftUITests" */;
			buildPhases = (
				CE59810329D2D5A500347CFA /* Sources */,
				CE59810429D2D5A500347CFA /* Frameworks */,
				CE59810529D2D5A500347CFA /* Resources */,
			);
			buildRules = (
			);
			dependencies = (
				CE59810929D2D5A500347CFA /* PBXTargetDependency */,
			);
			name = "Blind Date SwiftUITests";
			productName = "Blind Date SwiftUITests";
			productReference = CE59810729D2D5A500347CFA /* Blind Date SwiftUITests.xctest */;
			productType = "com.apple.product-type.bundle.unit-test";
		};
		CE59811029D2D5A500347CFA /* Blind Date SwiftUIUITests */ = {
			isa = PBXNativeTarget;
			buildConfigurationList = CE59812129D2D5A500347CFA /* Build configuration list for PBXNativeTarget "Blind Date SwiftUIUITests" */;
			buildPhases = (
				CE59810D29D2D5A500347CFA /* Sources */,
				CE59810E29D2D5A500347CFA /* Frameworks */,
				CE59810F29D2D5A500347CFA /* Resources */,
			);
			buildRules = (
			);
			dependencies = (
				CE59811329D2D5A500347CFA /* PBXTargetDependency */,
			);
			name = "Blind Date SwiftUIUITests";
			productName = "Blind Date SwiftUIUITests";
			productReference = CE59811129D2D5A500347CFA /* Blind Date SwiftUIUITests.xctest */;
			productType = "com.apple.product-type.bundle.ui-testing";
		};
/* End PBXNativeTarget section */

/* Begin PBXProject section */
		CE5980EF29D2D5A100347CFA /* Project object */ = {
			isa = PBXProject;
			attributes = {
				BuildIndependentTargetsInParallel = 1;
				LastSwiftUpdateCheck = 1420;
				LastUpgradeCheck = 1420;
				TargetAttributes = {
					CE5980F629D2D5A100347CFA = {
						CreatedOnToolsVersion = 14.2;
					};
					CE59810629D2D5A500347CFA = {
						CreatedOnToolsVersion = 14.2;
						TestTargetID = CE5980F629D2D5A100347CFA;
					};
					CE59811029D2D5A500347CFA = {
						CreatedOnToolsVersion = 14.2;
						TestTargetID = CE5980F629D2D5A100347CFA;
					};
				};
			};
			buildConfigurationList = CE5980F229D2D5A100347CFA /* Build configuration list for PBXProject "Blind Date SwiftUI" */;
			compatibilityVersion = "Xcode 14.0";
			developmentRegion = en;
			hasScannedForEncodings = 0;
			knownRegions = (
				en,
				Base,
			);
			mainGroup = CE5980EE29D2D5A100347CFA;
			productRefGroup = CE5980F829D2D5A100347CFA /* Products */;
			projectDirPath = "";
			projectRoot = "";
			targets = (
				CE5980F629D2D5A100347CFA /* Blind Date SwiftUI */,
				CE59810629D2D5A500347CFA /* Blind Date SwiftUITests */,
				CE59811029D2D5A500347CFA /* Blind Date SwiftUIUITests */,
			);
		};
/* End PBXProject section */

/* Begin PBXResourcesBuildPhase section */
		CE5980F529D2D5A100347CFA /* Resources */ = {
			isa = PBXResourcesBuildPhase;
			buildActionMask = 2147483647;
			files = (
				CE59815B29D2E6C100347CFA /* PlayfairDisplay-Regular.ttf in Resources */,
				CE59815A29D2E6C100347CFA /* PlayfairDisplay-Bold.ttf in Resources */,
				CE59810229D2D5A400347CFA /* Preview Assets.xcassets in Resources */,
				CE5980FF29D2D5A400347CFA /* Assets.xcassets in Resources */,
			);
			runOnlyForDeploymentPostprocessing = 0;
		};
		CE59810529D2D5A500347CFA /* Resources */ = {
			isa = PBXResourcesBuildPhase;
			buildActionMask = 2147483647;
			files = (
			);
			runOnlyForDeploymentPostprocessing = 0;
		};
		CE59810F29D2D5A500347CFA /* Resources */ = {
			isa = PBXResourcesBuildPhase;
			buildActionMask = 2147483647;
			files = (
			);
			runOnlyForDeploymentPostprocessing = 0;
		};
/* End PBXResourcesBuildPhase section */

/* Begin PBXSourcesBuildPhase section */
		CE5980F329D2D5A100347CFA /* Sources */ = {
			isa = PBXSourcesBuildPhase;
			buildActionMask = 2147483647;
			files = (
				CEEA4A9329D32AB300E8F186 /* SignUp.swift in Sources */,
				CE5980FD29D2D5A100347CFA /* ContentView.swift in Sources */,
				CEFB44F329DE807900BA26F3 /* SetPreference.swift in Sources */,
				CE091CCD29DC21DE00EFFECD /* Food.swift in Sources */,
				CEEA4A9129D32AA300E8F186 /* SignIn.swift in Sources */,
				CE800E8429D58958007D7F00 /* OTP.swift in Sources */,
				CE5980FB29D2D5A100347CFA /* Blind_Date_SwiftUIApp.swift in Sources */,
				CEFB44F529DE886100BA26F3 /* Profile.swift in Sources */,
				CE80BA8629DA8A0B0050BC86 /* Appointment.swift in Sources */,
				CE244D0729DBE8A5001856CF /* Location.swift in Sources */,
				CE59815929D2E6C100347CFA /* AppBarView.swift in Sources */,
				CE244D0529DBE071001856CF /* Calendar.swift in Sources */,
				CEEA4A8F29D3236F00E8F186 /* InitialView.swift in Sources */,
				CE244D0929DC034F001856CF /* Restaurant.swift in Sources */,
				CE800E8229D58220007D7F00 /* Home.swift in Sources */,
				CED102B829DAA558005F30F9 /* RoundedCorner.swift in Sources */,
				CE7C9D3229DD60440093C1E3 /* Pay.swift in Sources */,
				CEEA4A8D29D31C8000E8F186 /* GetStart.swift in Sources */,
				CEFB44F729DE891100BA26F3 /* Settings.swift in Sources */,
			);
			runOnlyForDeploymentPostprocessing = 0;
		};
		CE59810329D2D5A500347CFA /* Sources */ = {
			isa = PBXSourcesBuildPhase;
			buildActionMask = 2147483647;
			files = (
				CE59810C29D2D5A500347CFA /* Blind_Date_SwiftUITests.swift in Sources */,
			);
			runOnlyForDeploymentPostprocessing = 0;
		};
		CE59810D29D2D5A500347CFA /* Sources */ = {
			isa = PBXSourcesBuildPhase;
			buildActionMask = 2147483647;
			files = (
				CE59811829D2D5A500347CFA /* Blind_Date_SwiftUIUITestsLaunchTests.swift in Sources */,
				CE59811629D2D5A500347CFA /* Blind_Date_SwiftUIUITests.swift in Sources */,
			);
			runOnlyForDeploymentPostprocessing = 0;
		};
/* End PBXSourcesBuildPhase section */

/* Begin PBXTargetDependency section */
		CE59810929D2D5A500347CFA /* PBXTargetDependency */ = {
			isa = PBXTargetDependency;
			target = CE5980F629D2D5A100347CFA /* Blind Date SwiftUI */;
			targetProxy = CE59810829D2D5A500347CFA /* PBXContainerItemProxy */;
		};
		CE59811329D2D5A500347CFA /* PBXTargetDependency */ = {
			isa = PBXTargetDependency;
			target = CE5980F629D2D5A100347CFA /* Blind Date SwiftUI */;
			targetProxy = CE59811229D2D5A500347CFA /* PBXContainerItemProxy */;
		};
/* End PBXTargetDependency section */

/* Begin XCBuildConfiguration section */
		CE59811929D2D5A500347CFA /* Debug */ = {
			isa = XCBuildConfiguration;
			buildSettings = {
				ALWAYS_SEARCH_USER_PATHS = NO;
				CLANG_ANALYZER_NONNULL = YES;
				CLANG_ANALYZER_NUMBER_OBJECT_CONVERSION = YES_AGGRESSIVE;
				CLANG_CXX_LANGUAGE_STANDARD = "gnu++20";
				CLANG_ENABLE_MODULES = YES;
				CLANG_ENABLE_OBJC_ARC = YES;
				CLANG_ENABLE_OBJC_WEAK = YES;
				CLANG_WARN_BLOCK_CAPTURE_AUTORELEASING = YES;
				CLANG_WARN_BOOL_CONVERSION = YES;
				CLANG_WARN_COMMA = YES;
				CLANG_WARN_CONSTANT_CONVERSION = YES;
				CLANG_WARN_DEPRECATED_OBJC_IMPLEMENTATIONS = YES;
				CLANG_WARN_DIRECT_OBJC_ISA_USAGE = YES_ERROR;
				CLANG_WARN_DOCUMENTATION_COMMENTS = YES;
				CLANG_WARN_EMPTY_BODY = YES;
				CLANG_WARN_ENUM_CONVERSION = YES;
				CLANG_WARN_INFINITE_RECURSION = YES;
				CLANG_WARN_INT_CONVERSION = YES;
				CLANG_WARN_NON_LITERAL_NULL_CONVERSION = YES;
				CLANG_WARN_OBJC_IMPLICIT_RETAIN_SELF = YES;
				CLANG_WARN_OBJC_LITERAL_CONVERSION = YES;
				CLANG_WARN_OBJC_ROOT_CLASS = YES_ERROR;
				CLANG_WARN_QUOTED_INCLUDE_IN_FRAMEWORK_HEADER = YES;
				CLANG_WARN_RANGE_LOOP_ANALYSIS = YES;
				CLANG_WARN_STRICT_PROTOTYPES = YES;
				CLANG_WARN_SUSPICIOUS_MOVE = YES;
				CLANG_WARN_UNGUARDED_AVAILABILITY = YES_AGGRESSIVE;
				CLANG_WARN_UNREACHABLE_CODE = YES;
				CLANG_WARN__DUPLICATE_METHOD_MATCH = YES;
				COPY_PHASE_STRIP = NO;
				DEBUG_INFORMATION_FORMAT = dwarf;
				ENABLE_STRICT_OBJC_MSGSEND = YES;
				ENABLE_TESTABILITY = YES;
				GCC_C_LANGUAGE_STANDARD = gnu11;
				GCC_DYNAMIC_NO_PIC = NO;
				GCC_NO_COMMON_BLOCKS = YES;
				GCC_OPTIMIZATION_LEVEL = 0;
				GCC_PREPROCESSOR_DEFINITIONS = (
					"DEBUG=1",
					"$(inherited)",
				);
				GCC_WARN_64_TO_32_BIT_CONVERSION = YES;
				GCC_WARN_ABOUT_RETURN_TYPE = YES_ERROR;
				GCC_WARN_UNDECLARED_SELECTOR = YES;
				GCC_WARN_UNINITIALIZED_AUTOS = YES_AGGRESSIVE;
				GCC_WARN_UNUSED_FUNCTION = YES;
				GCC_WARN_UNUSED_VARIABLE = YES;
				IPHONEOS_DEPLOYMENT_TARGET = 16.2;
				MTL_ENABLE_DEBUG_INFO = INCLUDE_SOURCE;
				MTL_FAST_MATH = YES;
				ONLY_ACTIVE_ARCH = YES;
				SDKROOT = iphoneos;
				SWIFT_ACTIVE_COMPILATION_CONDITIONS = DEBUG;
				SWIFT_OPTIMIZATION_LEVEL = "-Onone";
			};
			name = Debug;
		};
		CE59811A29D2D5A500347CFA /* Release */ = {
			isa = XCBuildConfiguration;
			buildSettings = {
				ALWAYS_SEARCH_USER_PATHS = NO;
				CLANG_ANALYZER_NONNULL = YES;
				CLANG_ANALYZER_NUMBER_OBJECT_CONVERSION = YES_AGGRESSIVE;
				CLANG_CXX_LANGUAGE_STANDARD = "gnu++20";
				CLANG_ENABLE_MODULES = YES;
				CLANG_ENABLE_OBJC_ARC = YES;
				CLANG_ENABLE_OBJC_WEAK = YES;
				CLANG_WARN_BLOCK_CAPTURE_AUTORELEASING = YES;
				CLANG_WARN_BOOL_CONVERSION = YES;
				CLANG_WARN_COMMA = YES;
				CLANG_WARN_CONSTANT_CONVERSION = YES;
				CLANG_WARN_DEPRECATED_OBJC_IMPLEMENTATIONS = YES;
				CLANG_WARN_DIRECT_OBJC_ISA_USAGE = YES_ERROR;
				CLANG_WARN_DOCUMENTATION_COMMENTS = YES;
				CLANG_WARN_EMPTY_BODY = YES;
				CLANG_WARN_ENUM_CONVERSION = YES;
				CLANG_WARN_INFINITE_RECURSION = YES;
				CLANG_WARN_INT_CONVERSION = YES;
				CLANG_WARN_NON_LITERAL_NULL_CONVERSION = YES;
				CLANG_WARN_OBJC_IMPLICIT_RETAIN_SELF = YES;
				CLANG_WARN_OBJC_LITERAL_CONVERSION = YES;
				CLANG_WARN_OBJC_ROOT_CLASS = YES_ERROR;
				CLANG_WARN_QUOTED_INCLUDE_IN_FRAMEWORK_HEADER = YES;
				CLANG_WARN_RANGE_LOOP_ANALYSIS = YES;
				CLANG_WARN_STRICT_PROTOTYPES = YES;
				CLANG_WARN_SUSPICIOUS_MOVE = YES;
				CLANG_WARN_UNGUARDED_AVAILABILITY = YES_AGGRESSIVE;
				CLANG_WARN_UNREACHABLE_CODE = YES;
				CLANG_WARN__DUPLICATE_METHOD_MATCH = YES;
				COPY_PHASE_STRIP = NO;
				DEBUG_INFORMATION_FORMAT = "dwarf-with-dsym";
				ENABLE_NS_ASSERTIONS = NO;
				ENABLE_STRICT_OBJC_MSGSEND = YES;
				GCC_C_LANGUAGE_STANDARD = gnu11;
				GCC_NO_COMMON_BLOCKS = YES;
				GCC_WARN_64_TO_32_BIT_CONVERSION = YES;
				GCC_WARN_ABOUT_RETURN_TYPE = YES_ERROR;
				GCC_WARN_UNDECLARED_SELECTOR = YES;
				GCC_WARN_UNINITIALIZED_AUTOS = YES_AGGRESSIVE;
				GCC_WARN_UNUSED_FUNCTION = YES;
				GCC_WARN_UNUSED_VARIABLE = YES;
				IPHONEOS_DEPLOYMENT_TARGET = 16.2;
				MTL_ENABLE_DEBUG_INFO = NO;
				MTL_FAST_MATH = YES;
				SDKROOT = iphoneos;
				SWIFT_COMPILATION_MODE = wholemodule;
				SWIFT_OPTIMIZATION_LEVEL = "-O";
				VALIDATE_PRODUCT = YES;
			};
			name = Release;
		};
		CE59811C29D2D5A500347CFA /* Debug */ = {
			isa = XCBuildConfiguration;
			buildSettings = {
				ASSETCATALOG_COMPILER_APPICON_NAME = AppIcon;
				ASSETCATALOG_COMPILER_GLOBAL_ACCENT_COLOR_NAME = AccentColor;
				CODE_SIGN_STYLE = Automatic;
				CURRENT_PROJECT_VERSION = 1;
				DEVELOPMENT_ASSET_PATHS = "\"Blind Date SwiftUI/Preview Content\"";
				ENABLE_PREVIEWS = YES;
				GENERATE_INFOPLIST_FILE = YES;
				INFOPLIST_KEY_UIApplicationSceneManifest_Generation = YES;
				INFOPLIST_KEY_UIApplicationSupportsIndirectInputEvents = YES;
				INFOPLIST_KEY_UILaunchScreen_Generation = YES;
				INFOPLIST_KEY_UISupportedInterfaceOrientations_iPad = "UIInterfaceOrientationPortrait UIInterfaceOrientationPortraitUpsideDown UIInterfaceOrientationLandscapeLeft UIInterfaceOrientationLandscapeRight";
				INFOPLIST_KEY_UISupportedInterfaceOrientations_iPhone = "UIInterfaceOrientationPortrait UIInterfaceOrientationLandscapeLeft UIInterfaceOrientationLandscapeRight";
				LD_RUNPATH_SEARCH_PATHS = (
					"$(inherited)",
					"@executable_path/Frameworks",
				);
				MARKETING_VERSION = 1.0;
				PRODUCT_BUNDLE_IDENTIFIER = "com.webytor.Blind-Date-SwiftUI";
				PRODUCT_NAME = "$(TARGET_NAME)";
				SWIFT_EMIT_LOC_STRINGS = YES;
				SWIFT_VERSION = 5.0;
				TARGETED_DEVICE_FAMILY = "1,2";
			};
			name = Debug;
		};
		CE59811D29D2D5A500347CFA /* Release */ = {
			isa = XCBuildConfiguration;
			buildSettings = {
				ASSETCATALOG_COMPILER_APPICON_NAME = AppIcon;
				ASSETCATALOG_COMPILER_GLOBAL_ACCENT_COLOR_NAME = AccentColor;
				CODE_SIGN_STYLE = Automatic;
				CURRENT_PROJECT_VERSION = 1;
				DEVELOPMENT_ASSET_PATHS = "\"Blind Date SwiftUI/Preview Content\"";
				ENABLE_PREVIEWS = YES;
				GENERATE_INFOPLIST_FILE = YES;
				INFOPLIST_KEY_UIApplicationSceneManifest_Generation = YES;
				INFOPLIST_KEY_UIApplicationSupportsIndirectInputEvents = YES;
				INFOPLIST_KEY_UILaunchScreen_Generation = YES;
				INFOPLIST_KEY_UISupportedInterfaceOrientations_iPad = "UIInterfaceOrientationPortrait UIInterfaceOrientationPortraitUpsideDown UIInterfaceOrientationLandscapeLeft UIInterfaceOrientationLandscapeRight";
				INFOPLIST_KEY_UISupportedInterfaceOrientations_iPhone = "UIInterfaceOrientationPortrait UIInterfaceOrientationLandscapeLeft UIInterfaceOrientationLandscapeRight";
				LD_RUNPATH_SEARCH_PATHS = (
					"$(inherited)",
					"@executable_path/Frameworks",
				);
				MARKETING_VERSION = 1.0;
				PRODUCT_BUNDLE_IDENTIFIER = "com.webytor.Blind-Date-SwiftUI";
				PRODUCT_NAME = "$(TARGET_NAME)";
				SWIFT_EMIT_LOC_STRINGS = YES;
				SWIFT_VERSION = 5.0;
				TARGETED_DEVICE_FAMILY = "1,2";
			};
			name = Release;
		};
		CE59811F29D2D5A500347CFA /* Debug */ = {
			isa = XCBuildConfiguration;
			buildSettings = {
				ALWAYS_EMBED_SWIFT_STANDARD_LIBRARIES = YES;
				BUNDLE_LOADER = "$(TEST_HOST)";
				CODE_SIGN_STYLE = Automatic;
				CURRENT_PROJECT_VERSION = 1;
				GENERATE_INFOPLIST_FILE = YES;
				IPHONEOS_DEPLOYMENT_TARGET = 16.2;
				MARKETING_VERSION = 1.0;
				PRODUCT_BUNDLE_IDENTIFIER = "com.webytor.Blind-Date-SwiftUITests";
				PRODUCT_NAME = "$(TARGET_NAME)";
				SWIFT_EMIT_LOC_STRINGS = NO;
				SWIFT_VERSION = 5.0;
				TARGETED_DEVICE_FAMILY = "1,2";
				TEST_HOST = "$(BUILT_PRODUCTS_DIR)/Blind Date SwiftUI.app/$(BUNDLE_EXECUTABLE_FOLDER_PATH)/Blind Date SwiftUI";
			};
			name = Debug;
		};
		CE59812029D2D5A500347CFA /* Release */ = {
			isa = XCBuildConfiguration;
			buildSettings = {
				ALWAYS_EMBED_SWIFT_STANDARD_LIBRARIES = YES;
				BUNDLE_LOADER = "$(TEST_HOST)";
				CODE_SIGN_STYLE = Automatic;
				CURRENT_PROJECT_VERSION = 1;
				GENERATE_INFOPLIST_FILE = YES;
				IPHONEOS_DEPLOYMENT_TARGET = 16.2;
				MARKETING_VERSION = 1.0;
				PRODUCT_BUNDLE_IDENTIFIER = "com.webytor.Blind-Date-SwiftUITests";
				PRODUCT_NAME = "$(TARGET_NAME)";
				SWIFT_EMIT_LOC_STRINGS = NO;
				SWIFT_VERSION = 5.0;
				TARGETED_DEVICE_FAMILY = "1,2";
				TEST_HOST = "$(BUILT_PRODUCTS_DIR)/Blind Date SwiftUI.app/$(BUNDLE_EXECUTABLE_FOLDER_PATH)/Blind Date SwiftUI";
			};
			name = Release;
		};
		CE59812229D2D5A500347CFA /* Debug */ = {
			isa = XCBuildConfiguration;
			buildSettings = {
				ALWAYS_EMBED_SWIFT_STANDARD_LIBRARIES = YES;
				CODE_SIGN_STYLE = Automatic;
				CURRENT_PROJECT_VERSION = 1;
				GENERATE_INFOPLIST_FILE = YES;
				MARKETING_VERSION = 1.0;
				PRODUCT_BUNDLE_IDENTIFIER = "com.webytor.Blind-Date-SwiftUIUITests";
				PRODUCT_NAME = "$(TARGET_NAME)";
				SWIFT_EMIT_LOC_STRINGS = NO;
				SWIFT_VERSION = 5.0;
				TARGETED_DEVICE_FAMILY = "1,2";
				TEST_TARGET_NAME = "Blind Date SwiftUI";
			};
			name = Debug;
		};
		CE59812329D2D5A500347CFA /* Release */ = {
			isa = XCBuildConfiguration;
			buildSettings = {
				ALWAYS_EMBED_SWIFT_STANDARD_LIBRARIES = YES;
				CODE_SIGN_STYLE = Automatic;
				CURRENT_PROJECT_VERSION = 1;
				GENERATE_INFOPLIST_FILE = YES;
				MARKETING_VERSION = 1.0;
				PRODUCT_BUNDLE_IDENTIFIER = "com.webytor.Blind-Date-SwiftUIUITests";
				PRODUCT_NAME = "$(TARGET_NAME)";
				SWIFT_EMIT_LOC_STRINGS = NO;
				SWIFT_VERSION = 5.0;
				TARGETED_DEVICE_FAMILY = "1,2";
				TEST_TARGET_NAME = "Blind Date SwiftUI";
			};
			name = Release;
		};
/* End XCBuildConfiguration section */

/* Begin XCConfigurationList section */
		CE5980F229D2D5A100347CFA /* Build configuration list for PBXProject "Blind Date SwiftUI" */ = {
			isa = XCConfigurationList;
			buildConfigurations = (
				CE59811929D2D5A500347CFA /* Debug */,
				CE59811A29D2D5A500347CFA /* Release */,
			);
			defaultConfigurationIsVisible = 0;
			defaultConfigurationName = Release;
		};
		CE59811B29D2D5A500347CFA /* Build configuration list for PBXNativeTarget "Blind Date SwiftUI" */ = {
			isa = XCConfigurationList;
			buildConfigurations = (
				CE59811C29D2D5A500347CFA /* Debug */,
				CE59811D29D2D5A500347CFA /* Release */,
			);
			defaultConfigurationIsVisible = 0;
			defaultConfigurationName = Release;
		};
		CE59811E29D2D5A500347CFA /* Build configuration list for PBXNativeTarget "Blind Date SwiftUITests" */ = {
			isa = XCConfigurationList;
			buildConfigurations = (
				CE59811F29D2D5A500347CFA /* Debug */,
				CE59812029D2D5A500347CFA /* Release */,
			);
			defaultConfigurationIsVisible = 0;
			defaultConfigurationName = Release;
		};
		CE59812129D2D5A500347CFA /* Build configuration list for PBXNativeTarget "Blind Date SwiftUIUITests" */ = {
			isa = XCConfigurationList;
			buildConfigurations = (
				CE59812229D2D5A500347CFA /* Debug */,
				CE59812329D2D5A500347CFA /* Release */,
			);
			defaultConfigurationIsVisible = 0;
			defaultConfigurationName = Release;
		};
/* End XCConfigurationList section */
	};
	rootObject = CE5980EF29D2D5A100347CFA /* Project object */;
}
